
Microsoft Visual Studio Solution File, Format Version 12.00
# Visual Studio Version 17
VisualStudioVersion = 17.13.35818.85 d17.13
MinimumVisualStudioVersion = 10.0.40219.1
Project("{FAE04EC0-301F-11D3-BF4B-00C04F79EFBC}") = "modul10_103022300127", "modul10_103022300127.csproj", "{0DE73110-98FA-4955-B94C-03C5DD0DB74B}"
EndProject
Global
	GlobalSection(SolutionConfigurationPlatforms) = preSolution
		Debug|Any CPU = Debug|Any CPU
		Release|Any CPU = Release|Any CPU
	EndGlobalSection
	GlobalSection(ProjectConfigurationPlatforms) = postSolution
		{0DE73110-98FA-4955-B94C-03C5DD0DB74B}.Debug|Any CPU.ActiveCfg = Debug|Any CPU
		{0DE73110-98FA-4955-B94C-03C5DD0DB74B}.Debug|Any CPU.Build.0 = Debug|Any CPU
		{0DE73110-98FA-4955-B94C-03C5DD0DB74B}.Release|Any CPU.ActiveCfg = Release|Any CPU
		{0DE73110-98FA-4955-B94C-03C5DD0DB74B}.Release|Any CPU.Build.0 = Release|Any CPU
	EndGlobalSection
	GlobalSection(SolutionProperties) = preSolution
		HideSolutionNode = FALSE
	EndGlobalSection
	GlobalSection(ExtensibilityGlobals) = postSolution
		SolutionGuid = {BA41B58E-F7B8-4951-8873-58208B554B9B}
	EndGlobalSection
EndGlobal
